
Microsoft Visual Studio Solution File, Format Version 12.00
# Visual Studio 15
VisualStudioVersion = 15.0.28307.136
MinimumVisualStudioVersion = 10.0.40219.1
Project("{FAE04EC0-301F-11D3-BF4B-00C04F79EFBC}") = "Radio_CSV_Reader_FIleTraverse", "Radio_CSV_Reader_FIleTraverse\Radio_CSV_Reader_FIleTraverse.csproj", "{796FDB3C-E0DA-4A3B-85B4-EB8F829E0FEE}"
EndProject
Global
	GlobalSection(SolutionConfigurationPlatforms) = preSolution
		Debug|Any CPU = Debug|Any CPU
		Release|Any CPU = Release|Any CPU
	EndGlobalSection
	GlobalSection(ProjectConfigurationPlatforms) = postSolution
		{796FDB3C-E0DA-4A3B-85B4-EB8F829E0FEE}.Debug|Any CPU.ActiveCfg = Debug|Any CPU
		{796FDB3C-E0DA-4A3B-85B4-EB8F829E0FEE}.Debug|Any CPU.Build.0 = Debug|Any CPU
		{796FDB3C-E0DA-4A3B-85B4-EB8F829E0FEE}.Release|Any CPU.ActiveCfg = Release|Any CPU
		{796FDB3C-E0DA-4A3B-85B4-EB8F829E0FEE}.Release|Any CPU.Build.0 = Release|Any CPU
	EndGlobalSection
	GlobalSection(SolutionProperties) = preSolution
		HideSolutionNode = FALSE
	EndGlobalSection
	GlobalSection(ExtensibilityGlobals) = postSolution
		SolutionGuid = {E2CD942E-286B-44F9-90E2-6C0E59FADE55}
	EndGlobalSection
EndGlobal
